
Microsoft Visual Studio Solution File, Format Version 12.00
# Visual Studio Version 17
VisualStudioVersion = 17.5.002.0
MinimumVisualStudioVersion = 10.0.40219.1
Project("{2150E333-8FDC-42A3-9474-1A3956D46DE8}") = "Finished", "Finished", "{DC53F9EA-B351-4185-AC83-CA0AEAC0492D}"
EndProject
Project("{2150E333-8FDC-42A3-9474-1A3956D46DE8}") = "Ch1_Intro", "Ch1_Intro", "{5EBB3C92-A49D-487C-A934-729068932970}"
EndProject
Project("{9A19103F-16F7-4668-BE54-9A1E7A4F7556}") = "Basic", "Finished\Ch1_Intro\Basic\Basic.csproj", "{2117AB79-D4A9-498A-881C-543778BE2867}"
EndProject
Project("{2150E333-8FDC-42A3-9474-1A3956D46DE8}") = "Ch2_Basic", "Ch2_Basic", "{D12AD658-24A0-4CEF-AA11-40CFB3CFCB3D}"
EndProject
Project("{9A19103F-16F7-4668-BE54-9A1E7A4F7556}") = "Challenge", "Finished\Ch2_Basic\Challenge\Challenge.csproj", "{DEFBE760-5231-4E9A-BF6F-38E1007856C1}"
EndProject
Project("{9A19103F-16F7-4668-BE54-9A1E7A4F7556}") = "LinkedList", "Finished\Ch2_Basic\LinkedList\LinkedList.csproj", "{9344B08D-09ED-4C4C-AC70-38E52C4289A6}"
EndProject
Project("{9A19103F-16F7-4668-BE54-9A1E7A4F7556}") = "List", "Finished\Ch2_Basic\List\List.csproj", "{88904A5D-15F3-4A39-9400-076D0CAC3C4B}"
EndProject
Project("{2150E333-8FDC-42A3-9474-1A3956D46DE8}") = "Ch3_Advanced", "Ch3_Advanced", "{69022304-31C7-4244-9DAD-A54AEB729DE8}"
EndProject
Project("{9A19103F-16F7-4668-BE54-9A1E7A4F7556}") = "Challenge", "Finished\Ch3_Advanced\Challenge\Challenge.csproj", "{227299F4-3031-40AA-B0E4-01F4BCE9BCBE}"
EndProject
Project("{9A19103F-16F7-4668-BE54-9A1E7A4F7556}") = "Dictionary", "Finished\Ch3_Advanced\Dictionary\Dictionary.csproj", "{3EEA609E-7F44-455F-87BC-97D409F30074}"
EndProject
Project("{9A19103F-16F7-4668-BE54-9A1E7A4F7556}") = "Queue", "Finished\Ch3_Advanced\Queue\Queue.csproj", "{81457770-AFA4-41C1-81A2-0D896899EC85}"
EndProject
Project("{9A19103F-16F7-4668-BE54-9A1E7A4F7556}") = "Stack", "Finished\Ch3_Advanced\Stack\Stack.csproj", "{B978C196-2966-4C99-A562-804ABE9131FA}"
EndProject
Project("{2150E333-8FDC-42A3-9474-1A3956D46DE8}") = "Ch4_Specialized", "Ch4_Specialized", "{D3555A82-CDA4-4481-ACCB-535C84A9F1BD}"
EndProject
Project("{9A19103F-16F7-4668-BE54-9A1E7A4F7556}") = "Challenge", "Finished\Ch4_Specialized\Challenge\Challenge.csproj", "{25C2ED19-4FD0-4979-9D92-3EFCF813F180}"
EndProject
Project("{9A19103F-16F7-4668-BE54-9A1E7A4F7556}") = "HybridDictExample", "Finished\Ch4_Specialized\HybridDictExample\HybridDictExample.csproj", "{28F77A0D-3297-454F-85AC-89C3725C099A}"
EndProject
Project("{9A19103F-16F7-4668-BE54-9A1E7A4F7556}") = "OrderedDictExample", "Finished\Ch4_Specialized\OrderedDictExample\OrderedDictExample.csproj", "{3D43C6F3-4FFC-401D-B8D9-1E17E8F15DC9}"
EndProject
Project("{9A19103F-16F7-4668-BE54-9A1E7A4F7556}") = "StringBuilder", "Finished\Ch4_Specialized\StringBuilder\StringBuilder.csproj", "{6D665F67-5701-4FF0-A270-B419F196F468}"
EndProject
Project("{9A19103F-16F7-4668-BE54-9A1E7A4F7556}") = "StringCollection", "Finished\Ch4_Specialized\StringCollection\StringCollection.csproj", "{D6E98A93-1D83-40D3-B600-0AC0C19584A5}"
EndProject
Project("{2150E333-8FDC-42A3-9474-1A3956D46DE8}") = "Start", "Start", "{C79E9400-DD84-4D01-AC89-B4FA7105F133}"
EndProject
Project("{2150E333-8FDC-42A3-9474-1A3956D46DE8}") = "Ch1_Intro", "Ch1_Intro", "{AD54F045-4013-49B3-A14F-F6F963E63F60}"
EndProject
Project("{9A19103F-16F7-4668-BE54-9A1E7A4F7556}") = "Basic", "Start\Ch1_Intro\Basic\Basic.csproj", "{2DBCFA73-E13D-4D97-A66B-48B569D3363C}"
EndProject
Project("{2150E333-8FDC-42A3-9474-1A3956D46DE8}") = "Ch2_Basic", "Ch2_Basic", "{88C9969B-C4A3-404C-AF18-B109944BC9C1}"
EndProject
Project("{9A19103F-16F7-4668-BE54-9A1E7A4F7556}") = "Challenge", "Start\Ch2_Basic\Challenge\Challenge.csproj", "{AF1F5959-071E-4841-83C4-39C0E76932F1}"
EndProject
Project("{9A19103F-16F7-4668-BE54-9A1E7A4F7556}") = "LinkedList", "Start\Ch2_Basic\LinkedList\LinkedList.csproj", "{E18D5E2A-E62B-4CE1-92EF-F18FB97BB52F}"
EndProject
Project("{9A19103F-16F7-4668-BE54-9A1E7A4F7556}") = "List", "Start\Ch2_Basic\List\List.csproj", "{DB3AAD82-B21C-417D-9EB0-3697F950D6A7}"
EndProject
Project("{2150E333-8FDC-42A3-9474-1A3956D46DE8}") = "Ch3_Advanced", "Ch3_Advanced", "{4B0D7E61-7202-4AC4-97AB-100B79C5F990}"
EndProject
Project("{9A19103F-16F7-4668-BE54-9A1E7A4F7556}") = "Challenge", "Start\Ch3_Advanced\Challenge\Challenge.csproj", "{CBD381E5-8204-4D3F-9469-1E698025453C}"
EndProject
Project("{9A19103F-16F7-4668-BE54-9A1E7A4F7556}") = "Dictionary", "Start\Ch3_Advanced\Dictionary\Dictionary.csproj", "{A1E6065A-76A9-448B-A063-4E65ACF396C6}"
EndProject
Project("{9A19103F-16F7-4668-BE54-9A1E7A4F7556}") = "Queue", "Start\Ch3_Advanced\Queue\Queue.csproj", "{F5941ADE-84B3-468E-B652-78AB15D7AA91}"
EndProject
Project("{9A19103F-16F7-4668-BE54-9A1E7A4F7556}") = "Stack", "Start\Ch3_Advanced\Stack\Stack.csproj", "{BA6FD864-6C82-4EDA-98F3-3BB6F9222EB6}"
EndProject
Project("{2150E333-8FDC-42A3-9474-1A3956D46DE8}") = "Ch4_Specialized", "Ch4_Specialized", "{0B589E2B-6BFA-402A-97A7-94D047A85E61}"
EndProject
Project("{9A19103F-16F7-4668-BE54-9A1E7A4F7556}") = "Challenge", "Start\Ch4_Specialized\Challenge\Challenge.csproj", "{79AEEAE4-1D9F-4A34-ADE7-A4F3B087E60A}"
EndProject
Project("{9A19103F-16F7-4668-BE54-9A1E7A4F7556}") = "HybridDictExample", "Start\Ch4_Specialized\HybridDictExample\HybridDictExample.csproj", "{A466F850-B972-4CBB-B286-BDC0EB2BB59D}"
EndProject
Project("{9A19103F-16F7-4668-BE54-9A1E7A4F7556}") = "OrderedDictExample", "Start\Ch4_Specialized\OrderedDictExample\OrderedDictExample.csproj", "{30BA76DE-35F5-4F4D-BF31-B6AC5037AB79}"
EndProject
Project("{9A19103F-16F7-4668-BE54-9A1E7A4F7556}") = "StringBuilder", "Start\Ch4_Specialized\StringBuilder\StringBuilder.csproj", "{AB757E93-14DF-4155-A447-FB267F9D4DFB}"
EndProject
Project("{9A19103F-16F7-4668-BE54-9A1E7A4F7556}") = "StringCollection", "Start\Ch4_Specialized\StringCollection\StringCollection.csproj", "{974D58AB-C00B-4513-8E90-1B0ECBADDE97}"
EndProject
Global
	GlobalSection(SolutionConfigurationPlatforms) = preSolution
		Debug|Any CPU = Debug|Any CPU
		Release|Any CPU = Release|Any CPU
	EndGlobalSection
	GlobalSection(ProjectConfigurationPlatforms) = postSolution
		{2117AB79-D4A9-498A-881C-543778BE2867}.Debug|Any CPU.ActiveCfg = Debug|Any CPU
		{2117AB79-D4A9-498A-881C-543778BE2867}.Debug|Any CPU.Build.0 = Debug|Any CPU
		{2117AB79-D4A9-498A-881C-543778BE2867}.Release|Any CPU.ActiveCfg = Release|Any CPU
		{2117AB79-D4A9-498A-881C-543778BE2867}.Release|Any CPU.Build.0 = Release|Any CPU
		{DEFBE760-5231-4E9A-BF6F-38E1007856C1}.Debug|Any CPU.ActiveCfg = Debug|Any CPU
		{DEFBE760-5231-4E9A-BF6F-38E1007856C1}.Debug|Any CPU.Build.0 = Debug|Any CPU
		{DEFBE760-5231-4E9A-BF6F-38E1007856C1}.Release|Any CPU.ActiveCfg = Release|Any CPU
		{DEFBE760-5231-4E9A-BF6F-38E1007856C1}.Release|Any CPU.Build.0 = Release|Any CPU
		{9344B08D-09ED-4C4C-AC70-38E52C4289A6}.Debug|Any CPU.ActiveCfg = Debug|Any CPU
		{9344B08D-09ED-4C4C-AC70-38E52C4289A6}.Debug|Any CPU.Build.0 = Debug|Any CPU
		{9344B08D-09ED-4C4C-AC70-38E52C4289A6}.Release|Any CPU.ActiveCfg = Release|Any CPU
		{9344B08D-09ED-4C4C-AC70-38E52C4289A6}.Release|Any CPU.Build.0 = Release|Any CPU
		{88904A5D-15F3-4A39-9400-076D0CAC3C4B}.Debug|Any CPU.ActiveCfg = Debug|Any CPU
		{88904A5D-15F3-4A39-9400-076D0CAC3C4B}.Debug|Any CPU.Build.0 = Debug|Any CPU
		{88904A5D-15F3-4A39-9400-076D0CAC3C4B}.Release|Any CPU.ActiveCfg = Release|Any CPU
		{88904A5D-15F3-4A39-9400-076D0CAC3C4B}.Release|Any CPU.Build.0 = Release|Any CPU
		{227299F4-3031-40AA-B0E4-01F4BCE9BCBE}.Debug|Any CPU.ActiveCfg = Debug|Any CPU
		{227299F4-3031-40AA-B0E4-01F4BCE9BCBE}.Debug|Any CPU.Build.0 = Debug|Any CPU
		{227299F4-3031-40AA-B0E4-01F4BCE9BCBE}.Release|Any CPU.ActiveCfg = Release|Any CPU
		{227299F4-3031-40AA-B0E4-01F4BCE9BCBE}.Release|Any CPU.Build.0 = Release|Any CPU
		{3EEA609E-7F44-455F-87BC-97D409F30074}.Debug|Any CPU.ActiveCfg = Debug|Any CPU
		{3EEA609E-7F44-455F-87BC-97D409F30074}.Debug|Any CPU.Build.0 = Debug|Any CPU
		{3EEA609E-7F44-455F-87BC-97D409F30074}.Release|Any CPU.ActiveCfg = Release|Any CPU
		{3EEA609E-7F44-455F-87BC-97D409F30074}.Release|Any CPU.Build.0 = Release|Any CPU
		{81457770-AFA4-41C1-81A2-0D896899EC85}.Debug|Any CPU.ActiveCfg = Debug|Any CPU
		{81457770-AFA4-41C1-81A2-0D896899EC85}.Debug|Any CPU.Build.0 = Debug|Any CPU
		{81457770-AFA4-41C1-81A2-0D896899EC85}.Release|Any CPU.ActiveCfg = Release|Any CPU
		{81457770-AFA4-41C1-81A2-0D896899EC85}.Release|Any CPU.Build.0 = Release|Any CPU
		{B978C196-2966-4C99-A562-804ABE9131FA}.Debug|Any CPU.ActiveCfg = Debug|Any CPU
		{B978C196-2966-4C99-A562-804ABE9131FA}.Debug|Any CPU.Build.0 = Debug|Any CPU
		{B978C196-2966-4C99-A562-804ABE9131FA}.Release|Any CPU.ActiveCfg = Release|Any CPU
		{B978C196-2966-4C99-A562-804ABE9131FA}.Release|Any CPU.Build.0 = Release|Any CPU
		{25C2ED19-4FD0-4979-9D92-3EFCF813F180}.Debug|Any CPU.ActiveCfg = Debug|Any CPU
		{25C2ED19-4FD0-4979-9D92-3EFCF813F180}.Debug|Any CPU.Build.0 = Debug|Any CPU
		{25C2ED19-4FD0-4979-9D92-3EFCF813F180}.Release|Any CPU.ActiveCfg = Release|Any CPU
		{25C2ED19-4FD0-4979-9D92-3EFCF813F180}.Release|Any CPU.Build.0 = Release|Any CPU
		{28F77A0D-3297-454F-85AC-89C3725C099A}.Debug|Any CPU.ActiveCfg = Debug|Any CPU
		{28F77A0D-3297-454F-85AC-89C3725C099A}.Debug|Any CPU.Build.0 = Debug|Any CPU
		{28F77A0D-3297-454F-85AC-89C3725C099A}.Release|Any CPU.ActiveCfg = Release|Any CPU
		{28F77A0D-3297-454F-85AC-89C3725C099A}.Release|Any CPU.Build.0 = Release|Any CPU
		{3D43C6F3-4FFC-401D-B8D9-1E17E8F15DC9}.Debug|Any CPU.ActiveCfg = Debug|Any CPU
		{3D43C6F3-4FFC-401D-B8D9-1E17E8F15DC9}.Debug|Any CPU.Build.0 = Debug|Any CPU
		{3D43C6F3-4FFC-401D-B8D9-1E17E8F15DC9}.Release|Any CPU.ActiveCfg = Release|Any CPU
		{3D43C6F3-4FFC-401D-B8D9-1E17E8F15DC9}.Release|Any CPU.Build.0 = Release|Any CPU
		{6D665F67-5701-4FF0-A270-B419F196F468}.Debug|Any CPU.ActiveCfg = Debug|Any CPU
		{6D665F67-5701-4FF0-A270-B419F196F468}.Debug|Any CPU.Build.0 = Debug|Any CPU
		{6D665F67-5701-4FF0-A270-B419F196F468}.Release|Any CPU.ActiveCfg = Release|Any CPU
		{6D665F67-5701-4FF0-A270-B419F196F468}.Release|Any CPU.Build.0 = Release|Any CPU
		{D6E98A93-1D83-40D3-B600-0AC0C19584A5}.Debug|Any CPU.ActiveCfg = Debug|Any CPU
		{D6E98A93-1D83-40D3-B600-0AC0C19584A5}.Debug|Any CPU.Build.0 = Debug|Any CPU
		{D6E98A93-1D83-40D3-B600-0AC0C19584A5}.Release|Any CPU.ActiveCfg = Release|Any CPU
		{D6E98A93-1D83-40D3-B600-0AC0C19584A5}.Release|Any CPU.Build.0 = Release|Any CPU
		{2DBCFA73-E13D-4D97-A66B-48B569D3363C}.Debug|Any CPU.ActiveCfg = Debug|Any CPU
		{2DBCFA73-E13D-4D97-A66B-48B569D3363C}.Debug|Any CPU.Build.0 = Debug|Any CPU
		{2DBCFA73-E13D-4D97-A66B-48B569D3363C}.Release|Any CPU.ActiveCfg = Release|Any CPU
		{2DBCFA73-E13D-4D97-A66B-48B569D3363C}.Release|Any CPU.Build.0 = Release|Any CPU
		{AF1F5959-071E-4841-83C4-39C0E76932F1}.Debug|Any CPU.ActiveCfg = Debug|Any CPU
		{AF1F5959-071E-4841-83C4-39C0E76932F1}.Debug|Any CPU.Build.0 = Debug|Any CPU
		{AF1F5959-071E-4841-83C4-39C0E76932F1}.Release|Any CPU.ActiveCfg = Release|Any CPU
		{AF1F5959-071E-4841-83C4-39C0E76932F1}.Release|Any CPU.Build.0 = Release|Any CPU
		{E18D5E2A-E62B-4CE1-92EF-F18FB97BB52F}.Debug|Any CPU.ActiveCfg = Debug|Any CPU
		{E18D5E2A-E62B-4CE1-92EF-F18FB97BB52F}.Debug|Any CPU.Build.0 = Debug|Any CPU
		{E18D5E2A-E62B-4CE1-92EF-F18FB97BB52F}.Release|Any CPU.ActiveCfg = Release|Any CPU
		{E18D5E2A-E62B-4CE1-92EF-F18FB97BB52F}.Release|Any CPU.Build.0 = Release|Any CPU
		{DB3AAD82-B21C-417D-9EB0-3697F950D6A7}.Debug|Any CPU.ActiveCfg = Debug|Any CPU
		{DB3AAD82-B21C-417D-9EB0-3697F950D6A7}.Debug|Any CPU.Build.0 = Debug|Any CPU
		{DB3AAD82-B21C-417D-9EB0-3697F950D6A7}.Release|Any CPU.ActiveCfg = Release|Any CPU
		{DB3AAD82-B21C-417D-9EB0-3697F950D6A7}.Release|Any CPU.Build.0 = Release|Any CPU
		{CBD381E5-8204-4D3F-9469-1E698025453C}.Debug|Any CPU.ActiveCfg = Debug|Any CPU
		{CBD381E5-8204-4D3F-9469-1E698025453C}.Debug|Any CPU.Build.0 = Debug|Any CPU
		{CBD381E5-8204-4D3F-9469-1E698025453C}.Release|Any CPU.ActiveCfg = Release|Any CPU
		{CBD381E5-8204-4D3F-9469-1E698025453C}.Release|Any CPU.Build.0 = Release|Any CPU
		{A1E6065A-76A9-448B-A063-4E65ACF396C6}.Debug|Any CPU.ActiveCfg = Debug|Any CPU
		{A1E6065A-76A9-448B-A063-4E65ACF396C6}.Debug|Any CPU.Build.0 = Debug|Any CPU
		{A1E6065A-76A9-448B-A063-4E65ACF396C6}.Release|Any CPU.ActiveCfg = Release|Any CPU
		{A1E6065A-76A9-448B-A063-4E65ACF396C6}.Release|Any CPU.Build.0 = Release|Any CPU
		{F5941ADE-84B3-468E-B652-78AB15D7AA91}.Debug|Any CPU.ActiveCfg = Debug|Any CPU
		{F5941ADE-84B3-468E-B652-78AB15D7AA91}.Debug|Any CPU.Build.0 = Debug|Any CPU
		{F5941ADE-84B3-468E-B652-78AB15D7AA91}.Release|Any CPU.ActiveCfg = Release|Any CPU
		{F5941ADE-84B3-468E-B652-78AB15D7AA91}.Release|Any CPU.Build.0 = Release|Any CPU
		{BA6FD864-6C82-4EDA-98F3-3BB6F9222EB6}.Debug|Any CPU.ActiveCfg = Debug|Any CPU
		{BA6FD864-6C82-4EDA-98F3-3BB6F9222EB6}.Debug|Any CPU.Build.0 = Debug|Any CPU
		{BA6FD864-6C82-4EDA-98F3-3BB6F9222EB6}.Release|Any CPU.ActiveCfg = Release|Any CPU
		{BA6FD864-6C82-4EDA-98F3-3BB6F9222EB6}.Release|Any CPU.Build.0 = Release|Any CPU
		{79AEEAE4-1D9F-4A34-ADE7-A4F3B087E60A}.Debug|Any CPU.ActiveCfg = Debug|Any CPU
		{79AEEAE4-1D9F-4A34-ADE7-A4F3B087E60A}.Debug|Any CPU.Build.0 = Debug|Any CPU
		{79AEEAE4-1D9F-4A34-ADE7-A4F3B087E60A}.Release|Any CPU.ActiveCfg = Release|Any CPU
		{79AEEAE4-1D9F-4A34-ADE7-A4F3B087E60A}.Release|Any CPU.Build.0 = Release|Any CPU
		{A466F850-B972-4CBB-B286-BDC0EB2BB59D}.Debug|Any CPU.ActiveCfg = Debug|Any CPU
		{A466F850-B972-4CBB-B286-BDC0EB2BB59D}.Debug|Any CPU.Build.0 = Debug|Any CPU
		{A466F850-B972-4CBB-B286-BDC0EB2BB59D}.Release|Any CPU.ActiveCfg = Release|Any CPU
		{A466F850-B972-4CBB-B286-BDC0EB2BB59D}.Release|Any CPU.Build.0 = Release|Any CPU
		{30BA76DE-35F5-4F4D-BF31-B6AC5037AB79}.Debug|Any CPU.ActiveCfg = Debug|Any CPU
		{30BA76DE-35F5-4F4D-BF31-B6AC5037AB79}.Debug|Any CPU.Build.0 = Debug|Any CPU
		{30BA76DE-35F5-4F4D-BF31-B6AC5037AB79}.Release|Any CPU.ActiveCfg = Release|Any CPU
		{30BA76DE-35F5-4F4D-BF31-B6AC5037AB79}.Release|Any CPU.Build.0 = Release|Any CPU
		{AB757E93-14DF-4155-A447-FB267F9D4DFB}.Debug|Any CPU.ActiveCfg = Debug|Any CPU
		{AB757E93-14DF-4155-A447-FB267F9D4DFB}.Debug|Any CPU.Build.0 = Debug|Any CPU
		{AB757E93-14DF-4155-A447-FB267F9D4DFB}.Release|Any CPU.ActiveCfg = Release|Any CPU
		{AB757E93-14DF-4155-A447-FB267F9D4DFB}.Release|Any CPU.Build.0 = Release|Any CPU
		{974D58AB-C00B-4513-8E90-1B0ECBADDE97}.Debug|Any CPU.ActiveCfg = Debug|Any CPU
		{974D58AB-C00B-4513-8E90-1B0ECBADDE97}.Debug|Any CPU.Build.0 = Debug|Any CPU
		{974D58AB-C00B-4513-8E90-1B0ECBADDE97}.Release|Any CPU.ActiveCfg = Release|Any CPU
		{974D58AB-C00B-4513-8E90-1B0ECBADDE97}.Release|Any CPU.Build.0 = Release|Any CPU
	EndGlobalSection
	GlobalSection(SolutionProperties) = preSolution
		HideSolutionNode = FALSE
	EndGlobalSection
	GlobalSection(NestedProjects) = preSolution
		{5EBB3C92-A49D-487C-A934-729068932970} = {DC53F9EA-B351-4185-AC83-CA0AEAC0492D}
		{2117AB79-D4A9-498A-881C-543778BE2867} = {5EBB3C92-A49D-487C-A934-729068932970}
		{D12AD658-24A0-4CEF-AA11-40CFB3CFCB3D} = {DC53F9EA-B351-4185-AC83-CA0AEAC0492D}
		{DEFBE760-5231-4E9A-BF6F-38E1007856C1} = {D12AD658-24A0-4CEF-AA11-40CFB3CFCB3D}
		{9344B08D-09ED-4C4C-AC70-38E52C4289A6} = {D12AD658-24A0-4CEF-AA11-40CFB3CFCB3D}
		{88904A5D-15F3-4A39-9400-076D0CAC3C4B} = {D12AD658-24A0-4CEF-AA11-40CFB3CFCB3D}
		{69022304-31C7-4244-9DAD-A54AEB729DE8} = {DC53F9EA-B351-4185-AC83-CA0AEAC0492D}
		{227299F4-3031-40AA-B0E4-01F4BCE9BCBE} = {69022304-31C7-4244-9DAD-A54AEB729DE8}
		{3EEA609E-7F44-455F-87BC-97D409F30074} = {69022304-31C7-4244-9DAD-A54AEB729DE8}
		{81457770-AFA4-41C1-81A2-0D896899EC85} = {69022304-31C7-4244-9DAD-A54AEB729DE8}
		{B978C196-2966-4C99-A562-804ABE9131FA} = {69022304-31C7-4244-9DAD-A54AEB729DE8}
		{D3555A82-CDA4-4481-ACCB-535C84A9F1BD} = {DC53F9EA-B351-4185-AC83-CA0AEAC0492D}
		{25C2ED19-4FD0-4979-9D92-3EFCF813F180} = {D3555A82-CDA4-4481-ACCB-535C84A9F1BD}
		{28F77A0D-3297-454F-85AC-89C3725C099A} = {D3555A82-CDA4-4481-ACCB-535C84A9F1BD}
		{3D43C6F3-4FFC-401D-B8D9-1E17E8F15DC9} = {D3555A82-CDA4-4481-ACCB-535C84A9F1BD}
		{6D665F67-5701-4FF0-A270-B419F196F468} = {D3555A82-CDA4-4481-ACCB-535C84A9F1BD}
		{D6E98A93-1D83-40D3-B600-0AC0C19584A5} = {D3555A82-CDA4-4481-ACCB-535C84A9F1BD}
		{AD54F045-4013-49B3-A14F-F6F963E63F60} = {C79E9400-DD84-4D01-AC89-B4FA7105F133}
		{2DBCFA73-E13D-4D97-A66B-48B569D3363C} = {AD54F045-4013-49B3-A14F-F6F963E63F60}
		{88C9969B-C4A3-404C-AF18-B109944BC9C1} = {C79E9400-DD84-4D01-AC89-B4FA7105F133}
		{AF1F5959-071E-4841-83C4-39C0E76932F1} = {88C9969B-C4A3-404C-AF18-B109944BC9C1}
		{E18D5E2A-E62B-4CE1-92EF-F18FB97BB52F} = {88C9969B-C4A3-404C-AF18-B109944BC9C1}
		{DB3AAD82-B21C-417D-9EB0-3697F950D6A7} = {88C9969B-C4A3-404C-AF18-B109944BC9C1}
		{4B0D7E61-7202-4AC4-97AB-100B79C5F990} = {C79E9400-DD84-4D01-AC89-B4FA7105F133}
		{CBD381E5-8204-4D3F-9469-1E698025453C} = {4B0D7E61-7202-4AC4-97AB-100B79C5F990}
		{A1E6065A-76A9-448B-A063-4E65ACF396C6} = {4B0D7E61-7202-4AC4-97AB-100B79C5F990}
		{F5941ADE-84B3-468E-B652-78AB15D7AA91} = {4B0D7E61-7202-4AC4-97AB-100B79C5F990}
		{BA6FD864-6C82-4EDA-98F3-3BB6F9222EB6} = {4B0D7E61-7202-4AC4-97AB-100B79C5F990}
		{0B589E2B-6BFA-402A-97A7-94D047A85E61} = {C79E9400-DD84-4D01-AC89-B4FA7105F133}
		{79AEEAE4-1D9F-4A34-ADE7-A4F3B087E60A} = {0B589E2B-6BFA-402A-97A7-94D047A85E61}
		{A466F850-B972-4CBB-B286-BDC0EB2BB59D} = {0B589E2B-6BFA-402A-97A7-94D047A85E61}
		{30BA76DE-35F5-4F4D-BF31-B6AC5037AB79} = {0B589E2B-6BFA-402A-97A7-94D047A85E61}
		{AB757E93-14DF-4155-A447-FB267F9D4DFB} = {0B589E2B-6BFA-402A-97A7-94D047A85E61}
		{974D58AB-C00B-4513-8E90-1B0ECBADDE97} = {0B589E2B-6BFA-402A-97A7-94D047A85E61}
	EndGlobalSection
	GlobalSection(ExtensibilityGlobals) = postSolution
		SolutionGuid = {444A06E1-C78B-41F9-8346-4AE937B14DE7}
	EndGlobalSection
EndGlobal
